// !$*UTF8*$!
{
	archiveVersion = 1;
	classes = {
	};
	objectVersion = 46;
	objects = {

/* Begin PBXBuildFile section */
		CDDA37561DE6E28B00D59B4E /* main.swift in Sources */ = {isa = PBXBuildFile; fileRef = CDDA37551DE6E28B00D59B4E /* main.swift */; };
		CDDA375D1DE6E2E400D59B4E /* Logger.swift in Sources */ = {isa = PBXBuildFile; fileRef = CDDA375C1DE6E2E400D59B4E /* Logger.swift */; };
		CDDA375F1DE6E2FA00D59B4E /* Test.swift in Sources */ = {isa = PBXBuildFile; fileRef = CDDA375E1DE6E2FA00D59B4E /* Test.swift */; };
		CDDA37641DE6EA5C00D59B4E /* LogCategory.m in Sources */ = {isa = PBXBuildFile; fileRef = CDDA37631DE6EA5C00D59B4E /* LogCategory.m */; };
		CDE519D11E0387DE007E8B32 /* LogCategorySwift.swift in Sources */ = {isa = PBXBuildFile; fileRef = CDE519D01E0387DE007E8B32 /* LogCategorySwift.swift */; };
/* End PBXBuildFile section */

/* Begin PBXCopyFilesBuildPhase section */
		CDDA37501DE6E28B00D59B4E /* CopyFiles */ = {
			isa = PBXCopyFilesBuildPhase;
			buildActionMask = 2147483647;
			dstPath = /usr/share/man/man1/;
			dstSubfolderSpec = 0;
			files = (
			);
			runOnlyForDeploymentPostprocessing = 1;
		};
/* End PBXCopyFilesBuildPhase section */

/* Begin PBXFileReference section */
		CDDA37521DE6E28B00D59B4E /* LogChinese_Swift */ = {isa = PBXFileReference; explicitFileType = "compiled.mach-o.executable"; includeInIndex = 0; path = LogChinese_Swift; sourceTree = BUILT_PRODUCTS_DIR; };
		CDDA37551DE6E28B00D59B4E /* main.swift */ = {isa = PBXFileReference; lastKnownFileType = sourcecode.swift; path = main.swift; sourceTree = "<group>"; };
		CDDA375C1DE6E2E400D59B4E /* Logger.swift */ = {isa = PBXFileReference; fileEncoding = 4; lastKnownFileType = sourcecode.swift; path = Logger.swift; sourceTree = "<group>"; };
		CDDA375E1DE6E2FA00D59B4E /* Test.swift */ = {isa = PBXFileReference; fileEncoding = 4; lastKnownFileType = sourcecode.swift; path = Test.swift; sourceTree = "<group>"; };
		CDDA37611DE6EA5B00D59B4E /* LogChinese_Swift-Bridging-Header.h */ = {isa = PBXFileReference; lastKnownFileType = sourcecode.c.h; path = "LogChinese_Swift-Bridging-Header.h"; sourceTree = "<group>"; };
		CDDA37621DE6EA5C00D59B4E /* LogCategory.h */ = {isa = PBXFileReference; fileEncoding = 4; lastKnownFileType = sourcecode.c.h; path = LogCategory.h; sourceTree = "<group>"; };
		CDDA37631DE6EA5C00D59B4E /* LogCategory.m */ = {isa = PBXFileReference; fileEncoding = 4; lastKnownFileType = sourcecode.c.objc; path = LogCategory.m; sourceTree = "<group>"; };
		CDE519D01E0387DE007E8B32 /* LogCategorySwift.swift */ = {isa = PBXFileReference; fileEncoding = 4; lastKnownFileType = sourcecode.swift; name = LogCategorySwift.swift; path = LogChinese_Swift/LogCategorySwift.swift; sourceTree = "<group>"; };
/* End PBXFileReference section */

/* Begin PBXFrameworksBuildPhase section */
		CDDA374F1DE6E28B00D59B4E /* Frameworks */ = {
			isa = PBXFrameworksBuildPhase;
			buildActionMask = 2147483647;
			files = (
			);
			runOnlyForDeploymentPostprocessing = 0;
		};
/* End PBXFrameworksBuildPhase section */

/* Begin PBXGroup section */
		CDDA37491DE6E28B00D59B4E = {
			isa = PBXGroup;
			children = (
				CDDA37541DE6E28B00D59B4E /* LogChinese_Swift */,
				CDDA37531DE6E28B00D59B4E /* Products */,
			);
			sourceTree = "<group>";
		};
		CDDA37531DE6E28B00D59B4E /* Products */ = {
			isa = PBXGroup;
			children = (
				CDDA37521DE6E28B00D59B4E /* LogChinese_Swift */,
			);
			name = Products;
			sourceTree = "<group>";
		};
		CDDA37541DE6E28B00D59B4E /* LogChinese_Swift */ = {
			isa = PBXGroup;
			children = (
				CDDA37601DE6EA1E00D59B4E /* LogCategory */,
				CDDA375C1DE6E2E400D59B4E /* Logger.swift */,
				CDDA375E1DE6E2FA00D59B4E /* Test.swift */,
				CDDA37551DE6E28B00D59B4E /* main.swift */,
			);
			path = LogChinese_Swift;
			sourceTree = "<group>";
		};
		CDDA37601DE6EA1E00D59B4E /* LogCategory */ = {
			isa = PBXGroup;
			children = (
				CDDA37621DE6EA5C00D59B4E /* LogCategory.h */,
				CDDA37631DE6EA5C00D59B4E /* LogCategory.m */,
				CDDA37611DE6EA5B00D59B4E /* LogChinese_Swift-Bridging-Header.h */,
				CDE519D01E0387DE007E8B32 /* LogCategorySwift.swift */,
			);
			name = LogCategory;
			path = ..;
			sourceTree = "<group>";
		};
/* End PBXGroup section */

/* Begin PBXNativeTarget section */
		CDDA37511DE6E28B00D59B4E /* LogChinese_Swift */ = {
			isa = PBXNativeTarget;
			buildConfigurationList = CDDA37591DE6E28B00D59B4E /* Build configuration list for PBXNativeTarget "LogChinese_Swift" */;
			buildPhases = (
				CDDA374E1DE6E28B00D59B4E /* Sources */,
				CDDA374F1DE6E28B00D59B4E /* Frameworks */,
				CDDA37501DE6E28B00D59B4E /* CopyFiles */,
			);
			buildRules = (
			);
			dependencies = (
			);
			name = LogChinese_Swift;
			productName = LogChinese_Swift;
			productReference = CDDA37521DE6E28B00D59B4E /* LogChinese_Swift */;
			productType = "com.apple.product-type.tool";
		};
/* End PBXNativeTarget section */

/* Begin PBXProject section */
		CDDA374A1DE6E28B00D59B4E /* Project object */ = {
			isa = PBXProject;
			attributes = {
				LastSwiftUpdateCheck = 0810;
				LastUpgradeCheck = 0810;
				ORGANIZATIONNAME = YueLiXing;
				TargetAttributes = {
					CDDA37511DE6E28B00D59B4E = {
						CreatedOnToolsVersion = 8.1;
						DevelopmentTeam = K8SLU287T8;
						LastSwiftMigration = 0810;
						ProvisioningStyle = Automatic;
					};
				};
			};
			buildConfigurationList = CDDA374D1DE6E28B00D59B4E /* Build configuration list for PBXProject "LogChinese_Swift" */;
			compatibilityVersion = "Xcode 3.2";
			developmentRegion = English;
			hasScannedForEncodings = 0;
			knownRegions = (
				en,
			);
			mainGroup = CDDA37491DE6E28B00D59B4E;
			productRefGroup = CDDA37531DE6E28B00D59B4E /* Products */;
			projectDirPath = "";
			projectRoot = "";
			targets = (
				CDDA37511DE6E28B00D59B4E /* LogChinese_Swift */,
			);
		};
/* End PBXProject section */

/* Begin PBXSourcesBuildPhase section */
		CDDA374E1DE6E28B00D59B4E /* Sources */ = {
			isa = PBXSourcesBuildPhase;
			buildActionMask = 2147483647;
			files = (
				CDDA37641DE6EA5C00D59B4E /* LogCategory.m in Sources */,
				CDDA37561DE6E28B00D59B4E /* main.swift in Sources */,
				CDDA375D1DE6E2E400D59B4E /* Logger.swift in Sources */,
				CDE519D11E0387DE007E8B32 /* LogCategorySwift.swift in Sources */,
				CDDA375F1DE6E2FA00D59B4E /* Test.swift in Sources */,
			);
			runOnlyForDeploymentPostprocessing = 0;
		};
/* End PBXSourcesBuildPhase section */

/* Begin XCBuildConfiguration section */
		CDDA37571DE6E28B00D59B4E /* Debug */ = {
			isa = XCBuildConfiguration;
			buildSettings = {
				ALWAYS_SEARCH_USER_PATHS = NO;
				CLANG_ANALYZER_NONNULL = YES;
				CLANG_CXX_LANGUAGE_STANDARD = "gnu++0x";
				CLANG_CXX_LIBRARY = "libc++";
				CLANG_ENABLE_MODULES = YES;
				CLANG_ENABLE_OBJC_ARC = YES;
				CLANG_WARN_BOOL_CONVERSION = YES;
				CLANG_WARN_CONSTANT_CONVERSION = YES;
				CLANG_WARN_DIRECT_OBJC_ISA_USAGE = YES_ERROR;
				CLANG_WARN_DOCUMENTATION_COMMENTS = YES;
				CLANG_WARN_EMPTY_BODY = YES;
				CLANG_WARN_ENUM_CONVERSION = YES;
				CLANG_WARN_INFINITE_RECURSION = YES;
				CLANG_WARN_INT_CONVERSION = YES;
				CLANG_WARN_OBJC_ROOT_CLASS = YES_ERROR;
				CLANG_WARN_SUSPICIOUS_MOVES = YES;
				CLANG_WARN_UNREACHABLE_CODE = YES;
				CLANG_WARN__DUPLICATE_METHOD_MATCH = YES;
				CODE_SIGN_IDENTITY = "-";
				COPY_PHASE_STRIP = NO;
				DEBUG_INFORMATION_FORMAT = dwarf;
				ENABLE_STRICT_OBJC_MSGSEND = YES;
				ENABLE_TESTABILITY = YES;
				GCC_C_LANGUAGE_STANDARD = gnu99;
				GCC_DYNAMIC_NO_PIC = NO;
				GCC_NO_COMMON_BLOCKS = YES;
				GCC_OPTIMIZATION_LEVEL = 0;
				GCC_PREPROCESSOR_DEFINITIONS = (
					"DEBUG=1",
					"$(inherited)",
				);
				GCC_WARN_64_TO_32_BIT_CONVERSION = YES;
				GCC_WARN_ABOUT_RETURN_TYPE = YES_ERROR;
				GCC_WARN_UNDECLARED_SELECTOR = YES;
				GCC_WARN_UNINITIALIZED_AUTOS = YES_AGGRESSIVE;
				GCC_WARN_UNUSED_FUNCTION = YES;
				GCC_WARN_UNUSED_VARIABLE = YES;
				MACOSX_DEPLOYMENT_TARGET = 10.12;
				MTL_ENABLE_DEBUG_INFO = YES;
				ONLY_ACTIVE_ARCH = YES;
				SDKROOT = macosx;
				SWIFT_OPTIMIZATION_LEVEL = "-Onone";
			};
			name = Debug;
		};
		CDDA37581DE6E28B00D59B4E /* Release */ = {
			isa = XCBuildConfiguration;
			buildSettings = {
				ALWAYS_SEARCH_USER_PATHS = NO;
				CLANG_ANALYZER_NONNULL = YES;
				CLANG_CXX_LANGUAGE_STANDARD = "gnu++0x";
				CLANG_CXX_LIBRARY = "libc++";
				CLANG_ENABLE_MODULES = YES;
				CLANG_ENABLE_OBJC_ARC = YES;
				CLANG_WARN_BOOL_CONVERSION = YES;
				CLANG_WARN_CONSTANT_CONVERSION = YES;
				CLANG_WARN_DIRECT_OBJC_ISA_USAGE = YES_ERROR;
				CLANG_WARN_DOCUMENTATION_COMMENTS = YES;
				CLANG_WARN_EMPTY_BODY = YES;
				CLANG_WARN_ENUM_CONVERSION = YES;
				CLANG_WARN_INFINITE_RECURSION = YES;
				CLANG_WARN_INT_CONVERSION = YES;
				CLANG_WARN_OBJC_ROOT_CLASS = YES_ERROR;
				CLANG_WARN_SUSPICIOUS_MOVES = YES;
				CLANG_WARN_UNREACHABLE_CODE = YES;
				CLANG_WARN__DUPLICATE_METHOD_MATCH = YES;
				CODE_SIGN_IDENTITY = "-";
				COPY_PHASE_STRIP = NO;
				DEBUG_INFORMATION_FORMAT = "dwarf-with-dsym";
				ENABLE_NS_ASSERTIONS = NO;
				ENABLE_STRICT_OBJC_MSGSEND = YES;
				GCC_C_LANGUAGE_STANDARD = gnu99;
				GCC_NO_COMMON_BLOCKS = YES;
				GCC_WARN_64_TO_32_BIT_CONVERSION = YES;
				GCC_WARN_ABOUT_RETURN_TYPE = YES_ERROR;
				GCC_WARN_UNDECLARED_SELECTOR = YES;
				GCC_WARN_UNINITIALIZED_AUTOS = YES_AGGRESSIVE;
				GCC_WARN_UNUSED_FUNCTION = YES;
				GCC_WARN_UNUSED_VARIABLE = YES;
				MACOSX_DEPLOYMENT_TARGET = 10.12;
				MTL_ENABLE_DEBUG_INFO = NO;
				SDKROOT = macosx;
			};
			name = Release;
		};
		CDDA375A1DE6E28B00D59B4E /* Debug */ = {
			isa = XCBuildConfiguration;
			buildSettings = {
				CLANG_ENABLE_MODULES = YES;
				DEVELOPMENT_TEAM = K8SLU287T8;
				LD_RUNPATH_SEARCH_PATHS = "$(inherited) @executable_path/../Frameworks @loader_path/../Frameworks";
				OTHER_LDFLAGS = "";
				OTHER_SWIFT_FLAGS = "-D DEBUG";
				PRODUCT_NAME = "$(TARGET_NAME)";
				SWIFT_OBJC_BRIDGING_HEADER = "LogChinese_Swift-Bridging-Header.h";
				SWIFT_OPTIMIZATION_LEVEL = "-Onone";
				SWIFT_VERSION = 3.0;
			};
			name = Debug;
		};
		CDDA375B1DE6E28B00D59B4E /* Release */ = {
			isa = XCBuildConfiguration;
			buildSettings = {
				CLANG_ENABLE_MODULES = YES;
				DEVELOPMENT_TEAM = K8SLU287T8;
				LD_RUNPATH_SEARCH_PATHS = "$(inherited) @executable_path/../Frameworks @loader_path/../Frameworks";
				OTHER_LDFLAGS = "";
				PRODUCT_NAME = "$(TARGET_NAME)";
				SWIFT_OBJC_BRIDGING_HEADER = "LogChinese_Swift-Bridging-Header.h";
				SWIFT_VERSION = 3.0;
			};
			name = Release;
		};
/* End XCBuildConfiguration section */

/* Begin XCConfigurationList section */
		CDDA374D1DE6E28B00D59B4E /* Build configuration list for PBXProject "LogChinese_Swift" */ = {
			isa = XCConfigurationList;
			buildConfigurations = (
				CDDA37571DE6E28B00D59B4E /* Debug */,
				CDDA37581DE6E28B00D59B4E /* Release */,
			);
			defaultConfigurationIsVisible = 0;
			defaultConfigurationName = Release;
		};
		CDDA37591DE6E28B00D59B4E /* Build configuration list for PBXNativeTarget "LogChinese_Swift" */ = {
			isa = XCConfigurationList;
			buildConfigurations = (
				CDDA375A1DE6E28B00D59B4E /* Debug */,
				CDDA375B1DE6E28B00D59B4E /* Release */,
			);
			defaultConfigurationIsVisible = 0;
			defaultConfigurationName = Release;
		};
/* End XCConfigurationList section */
	};
	rootObject = CDDA374A1DE6E28B00D59B4E /* Project object */;
}
