// !$*UTF8*$!
{
	archiveVersion = 1;
	classes = {
	};
	objectVersion = 46;
	objects = {

/* Begin PBXBuildFile section */
		CD4D82151D82A50700D7DCB9 /* main.m in Sources */ = {isa = PBXBuildFile; fileRef = CD4D82141D82A50700D7DCB9 /* main.m */; };
		CD4D82231D82A54100D7DCB9 /* Test.m in Sources */ = {isa = PBXBuildFile; fileRef = CD4D82221D82A54100D7DCB9 /* Test.m */; };
		CD4D822B1D82A6F800D7DCB9 /* LogCategory.m in Sources */ = {isa = PBXBuildFile; fileRef = CD4D82261D82A56A00D7DCB9 /* LogCategory.m */; };
/* End PBXBuildFile section */

/* Begin PBXCopyFilesBuildPhase section */
		CD4D820F1D82A50700D7DCB9 /* CopyFiles */ = {
			isa = PBXCopyFilesBuildPhase;
			buildActionMask = 2147483647;
			dstPath = /usr/share/man/man1/;
			dstSubfolderSpec = 0;
			files = (
			);
			runOnlyForDeploymentPostprocessing = 1;
		};
/* End PBXCopyFilesBuildPhase section */

/* Begin PBXFileReference section */
		CD3DA67822A7B97500D2B29E /* Logger.h */ = {isa = PBXFileReference; fileEncoding = 4; lastKnownFileType = sourcecode.c.h; path = Logger.h; sourceTree = "<group>"; };
		CD4D82111D82A50700D7DCB9 /* LogChinese_OS */ = {isa = PBXFileReference; explicitFileType = "compiled.mach-o.executable"; includeInIndex = 0; path = LogChinese_OS; sourceTree = BUILT_PRODUCTS_DIR; };
		CD4D82141D82A50700D7DCB9 /* main.m */ = {isa = PBXFileReference; lastKnownFileType = sourcecode.c.objc; path = main.m; sourceTree = "<group>"; };
		CD4D82211D82A54100D7DCB9 /* Test.h */ = {isa = PBXFileReference; fileEncoding = 4; lastKnownFileType = sourcecode.c.h; path = Test.h; sourceTree = "<group>"; };
		CD4D82221D82A54100D7DCB9 /* Test.m */ = {isa = PBXFileReference; fileEncoding = 4; lastKnownFileType = sourcecode.c.objc; path = Test.m; sourceTree = "<group>"; };
		CD4D82251D82A56A00D7DCB9 /* LogCategory.h */ = {isa = PBXFileReference; lastKnownFileType = sourcecode.c.h; path = LogCategory.h; sourceTree = "<group>"; };
		CD4D82261D82A56A00D7DCB9 /* LogCategory.m */ = {isa = PBXFileReference; lastKnownFileType = sourcecode.c.objc; path = LogCategory.m; sourceTree = "<group>"; };
		CDC142DB233DB8C300106B68 /* PrefixHeader.pch */ = {isa = PBXFileReference; lastKnownFileType = sourcecode.c.h; path = PrefixHeader.pch; sourceTree = "<group>"; };
/* End PBXFileReference section */

/* Begin PBXFrameworksBuildPhase section */
		CD4D820E1D82A50700D7DCB9 /* Frameworks */ = {
			isa = PBXFrameworksBuildPhase;
			buildActionMask = 2147483647;
			files = (
			);
			runOnlyForDeploymentPostprocessing = 0;
		};
/* End PBXFrameworksBuildPhase section */

/* Begin PBXGroup section */
		CD3DA67722A7B97500D2B29E /* Logger */ = {
			isa = PBXGroup;
			children = (
				CD3DA67822A7B97500D2B29E /* Logger.h */,
			);
			name = Logger;
			path = ../Logger;
			sourceTree = "<group>";
		};
		CD4D82081D82A50700D7DCB9 = {
			isa = PBXGroup;
			children = (
				CD3DA67722A7B97500D2B29E /* Logger */,
				CD4D82241D82A56A00D7DCB9 /* LogCategory */,
				CD4D82131D82A50700D7DCB9 /* LogChinese_OS */,
				CD4D82121D82A50700D7DCB9 /* Products */,
			);
			sourceTree = "<group>";
		};
		CD4D82121D82A50700D7DCB9 /* Products */ = {
			isa = PBXGroup;
			children = (
				CD4D82111D82A50700D7DCB9 /* LogChinese_OS */,
			);
			name = Products;
			sourceTree = "<group>";
		};
		CD4D82131D82A50700D7DCB9 /* LogChinese_OS */ = {
			isa = PBXGroup;
			children = (
				CD4D82141D82A50700D7DCB9 /* main.m */,
				CD4D82211D82A54100D7DCB9 /* Test.h */,
				CD4D82221D82A54100D7DCB9 /* Test.m */,
				CDC142DB233DB8C300106B68 /* PrefixHeader.pch */,
			);
			path = LogChinese_OS;
			sourceTree = "<group>";
		};
		CD4D82241D82A56A00D7DCB9 /* LogCategory */ = {
			isa = PBXGroup;
			children = (
				CD4D82251D82A56A00D7DCB9 /* LogCategory.h */,
				CD4D82261D82A56A00D7DCB9 /* LogCategory.m */,
			);
			name = LogCategory;
			path = ../LogCategory;
			sourceTree = "<group>";
		};
/* End PBXGroup section */

/* Begin PBXNativeTarget section */
		CD4D82101D82A50700D7DCB9 /* LogChinese_OS */ = {
			isa = PBXNativeTarget;
			buildConfigurationList = CD4D82181D82A50700D7DCB9 /* Build configuration list for PBXNativeTarget "LogChinese_OS" */;
			buildPhases = (
				CD4D820D1D82A50700D7DCB9 /* Sources */,
				CD4D820E1D82A50700D7DCB9 /* Frameworks */,
				CD4D820F1D82A50700D7DCB9 /* CopyFiles */,
			);
			buildRules = (
			);
			dependencies = (
			);
			name = LogChinese_OS;
			productName = LogChinese_OS;
			productReference = CD4D82111D82A50700D7DCB9 /* LogChinese_OS */;
			productType = "com.apple.product-type.tool";
		};
/* End PBXNativeTarget section */

/* Begin PBXProject section */
		CD4D82091D82A50700D7DCB9 /* Project object */ = {
			isa = PBXProject;
			attributes = {
				LastUpgradeCheck = 0730;
				ORGANIZATIONNAME = Tutu;
				TargetAttributes = {
					CD4D82101D82A50700D7DCB9 = {
						CreatedOnToolsVersion = 7.3.1;
					};
				};
			};
			buildConfigurationList = CD4D820C1D82A50700D7DCB9 /* Build configuration list for PBXProject "LogChinese_OS" */;
			compatibilityVersion = "Xcode 3.2";
			developmentRegion = English;
			hasScannedForEncodings = 0;
			knownRegions = (
				English,
				en,
			);
			mainGroup = CD4D82081D82A50700D7DCB9;
			productRefGroup = CD4D82121D82A50700D7DCB9 /* Products */;
			projectDirPath = "";
			projectRoot = "";
			targets = (
				CD4D82101D82A50700D7DCB9 /* LogChinese_OS */,
			);
		};
/* End PBXProject section */

/* Begin PBXSourcesBuildPhase section */
		CD4D820D1D82A50700D7DCB9 /* Sources */ = {
			isa = PBXSourcesBuildPhase;
			buildActionMask = 2147483647;
			files = (
				CD4D822B1D82A6F800D7DCB9 /* LogCategory.m in Sources */,
				CD4D82151D82A50700D7DCB9 /* main.m in Sources */,
				CD4D82231D82A54100D7DCB9 /* Test.m in Sources */,
			);
			runOnlyForDeploymentPostprocessing = 0;
		};
/* End PBXSourcesBuildPhase section */

/* Begin XCBuildConfiguration section */
		CD4D82161D82A50700D7DCB9 /* Debug */ = {
			isa = XCBuildConfiguration;
			buildSettings = {
				ALWAYS_SEARCH_USER_PATHS = NO;
				CLANG_ANALYZER_NONNULL = YES;
				CLANG_CXX_LANGUAGE_STANDARD = "gnu++0x";
				CLANG_CXX_LIBRARY = "libc++";
				CLANG_ENABLE_MODULES = YES;
				CLANG_ENABLE_OBJC_ARC = YES;
				CLANG_WARN_BOOL_CONVERSION = YES;
				CLANG_WARN_CONSTANT_CONVERSION = YES;
				CLANG_WARN_DIRECT_OBJC_ISA_USAGE = YES_ERROR;
				CLANG_WARN_EMPTY_BODY = YES;
				CLANG_WARN_ENUM_CONVERSION = YES;
				CLANG_WARN_INT_CONVERSION = YES;
				CLANG_WARN_OBJC_ROOT_CLASS = YES_ERROR;
				CLANG_WARN_UNREACHABLE_CODE = YES;
				CLANG_WARN__DUPLICATE_METHOD_MATCH = YES;
				CODE_SIGN_IDENTITY = "-";
				COPY_PHASE_STRIP = NO;
				DEBUG_INFORMATION_FORMAT = dwarf;
				ENABLE_STRICT_OBJC_MSGSEND = YES;
				ENABLE_TESTABILITY = YES;
				GCC_C_LANGUAGE_STANDARD = gnu99;
				GCC_DYNAMIC_NO_PIC = NO;
				GCC_NO_COMMON_BLOCKS = YES;
				GCC_OPTIMIZATION_LEVEL = 0;
				GCC_PREPROCESSOR_DEFINITIONS = (
					"DEBUG=1",
					"$(inherited)",
				);
				GCC_WARN_64_TO_32_BIT_CONVERSION = YES;
				GCC_WARN_ABOUT_RETURN_TYPE = YES_ERROR;
				GCC_WARN_UNDECLARED_SELECTOR = YES;
				GCC_WARN_UNINITIALIZED_AUTOS = YES_AGGRESSIVE;
				GCC_WARN_UNUSED_FUNCTION = YES;
				GCC_WARN_UNUSED_VARIABLE = YES;
				MACOSX_DEPLOYMENT_TARGET = 10.11;
				MTL_ENABLE_DEBUG_INFO = YES;
				ONLY_ACTIVE_ARCH = YES;
				SDKROOT = macosx;
			};
			name = Debug;
		};
		CD4D82171D82A50700D7DCB9 /* Release */ = {
			isa = XCBuildConfiguration;
			buildSettings = {
				ALWAYS_SEARCH_USER_PATHS = NO;
				CLANG_ANALYZER_NONNULL = YES;
				CLANG_CXX_LANGUAGE_STANDARD = "gnu++0x";
				CLANG_CXX_LIBRARY = "libc++";
				CLANG_ENABLE_MODULES = YES;
				CLANG_ENABLE_OBJC_ARC = YES;
				CLANG_WARN_BOOL_CONVERSION = YES;
				CLANG_WARN_CONSTANT_CONVERSION = YES;
				CLANG_WARN_DIRECT_OBJC_ISA_USAGE = YES_ERROR;
				CLANG_WARN_EMPTY_BODY = YES;
				CLANG_WARN_ENUM_CONVERSION = YES;
				CLANG_WARN_INT_CONVERSION = YES;
				CLANG_WARN_OBJC_ROOT_CLASS = YES_ERROR;
				CLANG_WARN_UNREACHABLE_CODE = YES;
				CLANG_WARN__DUPLICATE_METHOD_MATCH = YES;
				CODE_SIGN_IDENTITY = "-";
				COPY_PHASE_STRIP = NO;
				DEBUG_INFORMATION_FORMAT = "dwarf-with-dsym";
				ENABLE_NS_ASSERTIONS = NO;
				ENABLE_STRICT_OBJC_MSGSEND = YES;
				GCC_C_LANGUAGE_STANDARD = gnu99;
				GCC_NO_COMMON_BLOCKS = YES;
				GCC_WARN_64_TO_32_BIT_CONVERSION = YES;
				GCC_WARN_ABOUT_RETURN_TYPE = YES_ERROR;
				GCC_WARN_UNDECLARED_SELECTOR = YES;
				GCC_WARN_UNINITIALIZED_AUTOS = YES_AGGRESSIVE;
				GCC_WARN_UNUSED_FUNCTION = YES;
				GCC_WARN_UNUSED_VARIABLE = YES;
				MACOSX_DEPLOYMENT_TARGET = 10.11;
				MTL_ENABLE_DEBUG_INFO = NO;
				SDKROOT = macosx;
			};
			name = Release;
		};
		CD4D82191D82A50700D7DCB9 /* Debug */ = {
			isa = XCBuildConfiguration;
			buildSettings = {
				GCC_PREFIX_HEADER = LogChinese_OS/PrefixHeader.pch;
				PRODUCT_NAME = "$(TARGET_NAME)";
			};
			name = Debug;
		};
		CD4D821A1D82A50700D7DCB9 /* Release */ = {
			isa = XCBuildConfiguration;
			buildSettings = {
				GCC_PREFIX_HEADER = LogChinese_OS/PrefixHeader.pch;
				PRODUCT_NAME = "$(TARGET_NAME)";
			};
			name = Release;
		};
/* End XCBuildConfiguration section */

/* Begin XCConfigurationList section */
		CD4D820C1D82A50700D7DCB9 /* Build configuration list for PBXProject "LogChinese_OS" */ = {
			isa = XCConfigurationList;
			buildConfigurations = (
				CD4D82161D82A50700D7DCB9 /* Debug */,
				CD4D82171D82A50700D7DCB9 /* Release */,
			);
			defaultConfigurationIsVisible = 0;
			defaultConfigurationName = Release;
		};
		CD4D82181D82A50700D7DCB9 /* Build configuration list for PBXNativeTarget "LogChinese_OS" */ = {
			isa = XCConfigurationList;
			buildConfigurations = (
				CD4D82191D82A50700D7DCB9 /* Debug */,
				CD4D821A1D82A50700D7DCB9 /* Release */,
			);
			defaultConfigurationIsVisible = 0;
			defaultConfigurationName = Release;
		};
/* End XCConfigurationList section */
	};
	rootObject = CD4D82091D82A50700D7DCB9 /* Project object */;
}
